
Microsoft Visual Studio Solution File, Format Version 12.00
# Visual Studio 14
VisualStudioVersion = 14.0.25420.1
MinimumVisualStudioVersion = 10.0.40219.1
Project("{FAE04EC0-301F-11D3-BF4B-00C04F79EFBC}") = "Moutain_Guide_CRM", "Moutain-Guide-CRM\Moutain_Guide_CRM\Moutain_Guide_CRM.csproj", "{4C0B55BE-433F-4B14-A3A2-D9AFEC73F380}"
EndProject
Project("{FAE04EC0-301F-11D3-BF4B-00C04F79EFBC}") = "Moutain_Guide_CRM.Droid", "Moutain-Guide-CRM\Moutain_Guide_CRM.Droid\Moutain_Guide_CRM.Droid.csproj", "{D9BA3D42-CF15-4D8E-8D34-6EDAA1BB1781}"
EndProject
Project("{FAE04EC0-301F-11D3-BF4B-00C04F79EFBC}") = "Moutain_Guide_CRM.iOS", "Moutain-Guide-CRM\Moutain_Guide_CRM.iOS\Moutain_Guide_CRM.iOS.csproj", "{0FC309F6-9E82-4A10-9AE1-361A49E38070}"
EndProject
Project("{FAE04EC0-301F-11D3-BF4B-00C04F79EFBC}") = "Moutain_Guide_CRM.WinPhone", "Moutain-Guide-CRM\Moutain_Guide_CRM.WinPhone\Moutain_Guide_CRM.WinPhone.csproj", "{463626CE-2C06-4551-A5A1-242E83E4F1DB}"
EndProject
Project("{FAE04EC0-301F-11D3-BF4B-00C04F79EFBC}") = "Moutain_Guide_CRM.Windows", "Moutain-Guide-CRM\Moutain_Guide_CRM.Windows\Moutain_Guide_CRM.Windows.csproj", "{D50EC14E-C9D7-482F-9B09-9C52AB3BC924}"
EndProject
Global
	GlobalSection(SolutionConfigurationPlatforms) = preSolution
		Ad-Hoc|Any CPU = Ad-Hoc|Any CPU
		Ad-Hoc|ARM = Ad-Hoc|ARM
		Ad-Hoc|iPhone = Ad-Hoc|iPhone
		Ad-Hoc|iPhoneSimulator = Ad-Hoc|iPhoneSimulator
		Ad-Hoc|x64 = Ad-Hoc|x64
		Ad-Hoc|x86 = Ad-Hoc|x86
		AppStore|Any CPU = AppStore|Any CPU
		AppStore|ARM = AppStore|ARM
		AppStore|iPhone = AppStore|iPhone
		AppStore|iPhoneSimulator = AppStore|iPhoneSimulator
		AppStore|x64 = AppStore|x64
		AppStore|x86 = AppStore|x86
		Debug|Any CPU = Debug|Any CPU
		Debug|ARM = Debug|ARM
		Debug|iPhone = Debug|iPhone
		Debug|iPhoneSimulator = Debug|iPhoneSimulator
		Debug|x64 = Debug|x64
		Debug|x86 = Debug|x86
		Release|Any CPU = Release|Any CPU
		Release|ARM = Release|ARM
		Release|iPhone = Release|iPhone
		Release|iPhoneSimulator = Release|iPhoneSimulator
		Release|x64 = Release|x64
		Release|x86 = Release|x86
	EndGlobalSection
	GlobalSection(ProjectConfigurationPlatforms) = postSolution
		{4C0B55BE-433F-4B14-A3A2-D9AFEC73F380}.Ad-Hoc|Any CPU.ActiveCfg = Release|Any CPU
		{4C0B55BE-433F-4B14-A3A2-D9AFEC73F380}.Ad-Hoc|Any CPU.Build.0 = Release|Any CPU
		{4C0B55BE-433F-4B14-A3A2-D9AFEC73F380}.Ad-Hoc|ARM.ActiveCfg = Release|Any CPU
		{4C0B55BE-433F-4B14-A3A2-D9AFEC73F380}.Ad-Hoc|ARM.Build.0 = Release|Any CPU
		{4C0B55BE-433F-4B14-A3A2-D9AFEC73F380}.Ad-Hoc|iPhone.ActiveCfg = Release|Any CPU
		{4C0B55BE-433F-4B14-A3A2-D9AFEC73F380}.Ad-Hoc|iPhone.Build.0 = Release|Any CPU
		{4C0B55BE-433F-4B14-A3A2-D9AFEC73F380}.Ad-Hoc|iPhoneSimulator.ActiveCfg = Release|Any CPU
		{4C0B55BE-433F-4B14-A3A2-D9AFEC73F380}.Ad-Hoc|iPhoneSimulator.Build.0 = Release|Any CPU
		{4C0B55BE-433F-4B14-A3A2-D9AFEC73F380}.Ad-Hoc|x64.ActiveCfg = Release|Any CPU
		{4C0B55BE-433F-4B14-A3A2-D9AFEC73F380}.Ad-Hoc|x64.Build.0 = Release|Any CPU
		{4C0B55BE-433F-4B14-A3A2-D9AFEC73F380}.Ad-Hoc|x86.ActiveCfg = Release|Any CPU
		{4C0B55BE-433F-4B14-A3A2-D9AFEC73F380}.Ad-Hoc|x86.Build.0 = Release|Any CPU
		{4C0B55BE-433F-4B14-A3A2-D9AFEC73F380}.AppStore|Any CPU.ActiveCfg = Release|Any CPU
		{4C0B55BE-433F-4B14-A3A2-D9AFEC73F380}.AppStore|Any CPU.Build.0 = Release|Any CPU
		{4C0B55BE-433F-4B14-A3A2-D9AFEC73F380}.AppStore|ARM.ActiveCfg = Release|Any CPU
		{4C0B55BE-433F-4B14-A3A2-D9AFEC73F380}.AppStore|ARM.Build.0 = Release|Any CPU
		{4C0B55BE-433F-4B14-A3A2-D9AFEC73F380}.AppStore|iPhone.ActiveCfg = Release|Any CPU
		{4C0B55BE-433F-4B14-A3A2-D9AFEC73F380}.AppStore|iPhone.Build.0 = Release|Any CPU
		{4C0B55BE-433F-4B14-A3A2-D9AFEC73F380}.AppStore|iPhoneSimulator.ActiveCfg = Release|Any CPU
		{4C0B55BE-433F-4B14-A3A2-D9AFEC73F380}.AppStore|iPhoneSimulator.Build.0 = Release|Any CPU
		{4C0B55BE-433F-4B14-A3A2-D9AFEC73F380}.AppStore|x64.ActiveCfg = Release|Any CPU
		{4C0B55BE-433F-4B14-A3A2-D9AFEC73F380}.AppStore|x64.Build.0 = Release|Any CPU
		{4C0B55BE-433F-4B14-A3A2-D9AFEC73F380}.AppStore|x86.ActiveCfg = Release|Any CPU
		{4C0B55BE-433F-4B14-A3A2-D9AFEC73F380}.AppStore|x86.Build.0 = Release|Any CPU
		{4C0B55BE-433F-4B14-A3A2-D9AFEC73F380}.Debug|Any CPU.ActiveCfg = Debug|Any CPU
		{4C0B55BE-433F-4B14-A3A2-D9AFEC73F380}.Debug|Any CPU.Build.0 = Debug|Any CPU
		{4C0B55BE-433F-4B14-A3A2-D9AFEC73F380}.Debug|ARM.ActiveCfg = Debug|Any CPU
		{4C0B55BE-433F-4B14-A3A2-D9AFEC73F380}.Debug|ARM.Build.0 = Debug|Any CPU
		{4C0B55BE-433F-4B14-A3A2-D9AFEC73F380}.Debug|iPhone.ActiveCfg = Debug|Any CPU
		{4C0B55BE-433F-4B14-A3A2-D9AFEC73F380}.Debug|iPhone.Build.0 = Debug|Any CPU
		{4C0B55BE-433F-4B14-A3A2-D9AFEC73F380}.Debug|iPhoneSimulator.ActiveCfg = Debug|Any CPU
		{4C0B55BE-433F-4B14-A3A2-D9AFEC73F380}.Debug|iPhoneSimulator.Build.0 = Debug|Any CPU
		{4C0B55BE-433F-4B14-A3A2-D9AFEC73F380}.Debug|x64.ActiveCfg = Debug|Any CPU
		{4C0B55BE-433F-4B14-A3A2-D9AFEC73F380}.Debug|x64.Build.0 = Debug|Any CPU
		{4C0B55BE-433F-4B14-A3A2-D9AFEC73F380}.Debug|x86.ActiveCfg = Debug|Any CPU
		{4C0B55BE-433F-4B14-A3A2-D9AFEC73F380}.Debug|x86.Build.0 = Debug|Any CPU
		{4C0B55BE-433F-4B14-A3A2-D9AFEC73F380}.Release|Any CPU.ActiveCfg = Release|Any CPU
		{4C0B55BE-433F-4B14-A3A2-D9AFEC73F380}.Release|Any CPU.Build.0 = Release|Any CPU
		{4C0B55BE-433F-4B14-A3A2-D9AFEC73F380}.Release|ARM.ActiveCfg = Release|Any CPU
		{4C0B55BE-433F-4B14-A3A2-D9AFEC73F380}.Release|ARM.Build.0 = Release|Any CPU
		{4C0B55BE-433F-4B14-A3A2-D9AFEC73F380}.Release|iPhone.ActiveCfg = Release|Any CPU
		{4C0B55BE-433F-4B14-A3A2-D9AFEC73F380}.Release|iPhone.Build.0 = Release|Any CPU
		{4C0B55BE-433F-4B14-A3A2-D9AFEC73F380}.Release|iPhoneSimulator.ActiveCfg = Release|Any CPU
		{4C0B55BE-433F-4B14-A3A2-D9AFEC73F380}.Release|iPhoneSimulator.Build.0 = Release|Any CPU
		{4C0B55BE-433F-4B14-A3A2-D9AFEC73F380}.Release|x64.ActiveCfg = Release|Any CPU
		{4C0B55BE-433F-4B14-A3A2-D9AFEC73F380}.Release|x64.Build.0 = Release|Any CPU
		{4C0B55BE-433F-4B14-A3A2-D9AFEC73F380}.Release|x86.ActiveCfg = Release|Any CPU
		{4C0B55BE-433F-4B14-A3A2-D9AFEC73F380}.Release|x86.Build.0 = Release|Any CPU
		{D9BA3D42-CF15-4D8E-8D34-6EDAA1BB1781}.Ad-Hoc|Any CPU.ActiveCfg = Release|Any CPU
		{D9BA3D42-CF15-4D8E-8D34-6EDAA1BB1781}.Ad-Hoc|Any CPU.Build.0 = Release|Any CPU
		{D9BA3D42-CF15-4D8E-8D34-6EDAA1BB1781}.Ad-Hoc|Any CPU.Deploy.0 = Release|Any CPU
		{D9BA3D42-CF15-4D8E-8D34-6EDAA1BB1781}.Ad-Hoc|ARM.ActiveCfg = Release|Any CPU
		{D9BA3D42-CF15-4D8E-8D34-6EDAA1BB1781}.Ad-Hoc|ARM.Build.0 = Release|Any CPU
		{D9BA3D42-CF15-4D8E-8D34-6EDAA1BB1781}.Ad-Hoc|ARM.Deploy.0 = Release|Any CPU
		{D9BA3D42-CF15-4D8E-8D34-6EDAA1BB1781}.Ad-Hoc|iPhone.ActiveCfg = Release|Any CPU
		{D9BA3D42-CF15-4D8E-8D34-6EDAA1BB1781}.Ad-Hoc|iPhone.Build.0 = Release|Any CPU
		{D9BA3D42-CF15-4D8E-8D34-6EDAA1BB1781}.Ad-Hoc|iPhone.Deploy.0 = Release|Any CPU
		{D9BA3D42-CF15-4D8E-8D34-6EDAA1BB1781}.Ad-Hoc|iPhoneSimulator.ActiveCfg = Release|Any CPU
		{D9BA3D42-CF15-4D8E-8D34-6EDAA1BB1781}.Ad-Hoc|iPhoneSimulator.Build.0 = Release|Any CPU
		{D9BA3D42-CF15-4D8E-8D34-6EDAA1BB1781}.Ad-Hoc|iPhoneSimulator.Deploy.0 = Release|Any CPU
		{D9BA3D42-CF15-4D8E-8D34-6EDAA1BB1781}.Ad-Hoc|x64.ActiveCfg = Release|Any CPU
		{D9BA3D42-CF15-4D8E-8D34-6EDAA1BB1781}.Ad-Hoc|x64.Build.0 = Release|Any CPU
		{D9BA3D42-CF15-4D8E-8D34-6EDAA1BB1781}.Ad-Hoc|x64.Deploy.0 = Release|Any CPU
		{D9BA3D42-CF15-4D8E-8D34-6EDAA1BB1781}.Ad-Hoc|x86.ActiveCfg = Release|Any CPU
		{D9BA3D42-CF15-4D8E-8D34-6EDAA1BB1781}.Ad-Hoc|x86.Build.0 = Release|Any CPU
		{D9BA3D42-CF15-4D8E-8D34-6EDAA1BB1781}.Ad-Hoc|x86.Deploy.0 = Release|Any CPU
		{D9BA3D42-CF15-4D8E-8D34-6EDAA1BB1781}.AppStore|Any CPU.ActiveCfg = Release|Any CPU
		{D9BA3D42-CF15-4D8E-8D34-6EDAA1BB1781}.AppStore|Any CPU.Build.0 = Release|Any CPU
		{D9BA3D42-CF15-4D8E-8D34-6EDAA1BB1781}.AppStore|Any CPU.Deploy.0 = Release|Any CPU
		{D9BA3D42-CF15-4D8E-8D34-6EDAA1BB1781}.AppStore|ARM.ActiveCfg = Release|Any CPU
		{D9BA3D42-CF15-4D8E-8D34-6EDAA1BB1781}.AppStore|ARM.Build.0 = Release|Any CPU
		{D9BA3D42-CF15-4D8E-8D34-6EDAA1BB1781}.AppStore|ARM.Deploy.0 = Release|Any CPU
		{D9BA3D42-CF15-4D8E-8D34-6EDAA1BB1781}.AppStore|iPhone.ActiveCfg = Release|Any CPU
		{D9BA3D42-CF15-4D8E-8D34-6EDAA1BB1781}.AppStore|iPhone.Build.0 = Release|Any CPU
		{D9BA3D42-CF15-4D8E-8D34-6EDAA1BB1781}.AppStore|iPhone.Deploy.0 = Release|Any CPU
		{D9BA3D42-CF15-4D8E-8D34-6EDAA1BB1781}.AppStore|iPhoneSimulator.ActiveCfg = Release|Any CPU
		{D9BA3D42-CF15-4D8E-8D34-6EDAA1BB1781}.AppStore|iPhoneSimulator.Build.0 = Release|Any CPU
		{D9BA3D42-CF15-4D8E-8D34-6EDAA1BB1781}.AppStore|iPhoneSimulator.Deploy.0 = Release|Any CPU
		{D9BA3D42-CF15-4D8E-8D34-6EDAA1BB1781}.AppStore|x64.ActiveCfg = Release|Any CPU
		{D9BA3D42-CF15-4D8E-8D34-6EDAA1BB1781}.AppStore|x64.Build.0 = Release|Any CPU
		{D9BA3D42-CF15-4D8E-8D34-6EDAA1BB1781}.AppStore|x64.Deploy.0 = Release|Any CPU
		{D9BA3D42-CF15-4D8E-8D34-6EDAA1BB1781}.AppStore|x86.ActiveCfg = Release|Any CPU
		{D9BA3D42-CF15-4D8E-8D34-6EDAA1BB1781}.AppStore|x86.Build.0 = Release|Any CPU
		{D9BA3D42-CF15-4D8E-8D34-6EDAA1BB1781}.AppStore|x86.Deploy.0 = Release|Any CPU
		{D9BA3D42-CF15-4D8E-8D34-6EDAA1BB1781}.Debug|Any CPU.ActiveCfg = Debug|Any CPU
		{D9BA3D42-CF15-4D8E-8D34-6EDAA1BB1781}.Debug|Any CPU.Build.0 = Debug|Any CPU
		{D9BA3D42-CF15-4D8E-8D34-6EDAA1BB1781}.Debug|Any CPU.Deploy.0 = Debug|Any CPU
		{D9BA3D42-CF15-4D8E-8D34-6EDAA1BB1781}.Debug|ARM.ActiveCfg = Debug|Any CPU
		{D9BA3D42-CF15-4D8E-8D34-6EDAA1BB1781}.Debug|ARM.Build.0 = Debug|Any CPU
		{D9BA3D42-CF15-4D8E-8D34-6EDAA1BB1781}.Debug|ARM.Deploy.0 = Debug|Any CPU
		{D9BA3D42-CF15-4D8E-8D34-6EDAA1BB1781}.Debug|iPhone.ActiveCfg = Debug|Any CPU
		{D9BA3D42-CF15-4D8E-8D34-6EDAA1BB1781}.Debug|iPhone.Build.0 = Debug|Any CPU
		{D9BA3D42-CF15-4D8E-8D34-6EDAA1BB1781}.Debug|iPhone.Deploy.0 = Debug|Any CPU
		{D9BA3D42-CF15-4D8E-8D34-6EDAA1BB1781}.Debug|iPhoneSimulator.ActiveCfg = Debug|Any CPU
		{D9BA3D42-CF15-4D8E-8D34-6EDAA1BB1781}.Debug|iPhoneSimulator.Build.0 = Debug|Any CPU
		{D9BA3D42-CF15-4D8E-8D34-6EDAA1BB1781}.Debug|iPhoneSimulator.Deploy.0 = Debug|Any CPU
		{D9BA3D42-CF15-4D8E-8D34-6EDAA1BB1781}.Debug|x64.ActiveCfg = Debug|Any CPU
		{D9BA3D42-CF15-4D8E-8D34-6EDAA1BB1781}.Debug|x64.Build.0 = Debug|Any CPU
		{D9BA3D42-CF15-4D8E-8D34-6EDAA1BB1781}.Debug|x64.Deploy.0 = Debug|Any CPU
		{D9BA3D42-CF15-4D8E-8D34-6EDAA1BB1781}.Debug|x86.ActiveCfg = Debug|Any CPU
		{D9BA3D42-CF15-4D8E-8D34-6EDAA1BB1781}.Debug|x86.Build.0 = Debug|Any CPU
		{D9BA3D42-CF15-4D8E-8D34-6EDAA1BB1781}.Debug|x86.Deploy.0 = Debug|Any CPU
		{D9BA3D42-CF15-4D8E-8D34-6EDAA1BB1781}.Release|Any CPU.ActiveCfg = Release|Any CPU
		{D9BA3D42-CF15-4D8E-8D34-6EDAA1BB1781}.Release|Any CPU.Build.0 = Release|Any CPU
		{D9BA3D42-CF15-4D8E-8D34-6EDAA1BB1781}.Release|Any CPU.Deploy.0 = Release|Any CPU
		{D9BA3D42-CF15-4D8E-8D34-6EDAA1BB1781}.Release|ARM.ActiveCfg = Release|Any CPU
		{D9BA3D42-CF15-4D8E-8D34-6EDAA1BB1781}.Release|ARM.Build.0 = Release|Any CPU
		{D9BA3D42-CF15-4D8E-8D34-6EDAA1BB1781}.Release|ARM.Deploy.0 = Release|Any CPU
		{D9BA3D42-CF15-4D8E-8D34-6EDAA1BB1781}.Release|iPhone.ActiveCfg = Release|Any CPU
		{D9BA3D42-CF15-4D8E-8D34-6EDAA1BB1781}.Release|iPhone.Build.0 = Release|Any CPU
		{D9BA3D42-CF15-4D8E-8D34-6EDAA1BB1781}.Release|iPhone.Deploy.0 = Release|Any CPU
		{D9BA3D42-CF15-4D8E-8D34-6EDAA1BB1781}.Release|iPhoneSimulator.ActiveCfg = Release|Any CPU
		{D9BA3D42-CF15-4D8E-8D34-6EDAA1BB1781}.Release|iPhoneSimulator.Build.0 = Release|Any CPU
		{D9BA3D42-CF15-4D8E-8D34-6EDAA1BB1781}.Release|iPhoneSimulator.Deploy.0 = Release|Any CPU
		{D9BA3D42-CF15-4D8E-8D34-6EDAA1BB1781}.Release|x64.ActiveCfg = Release|Any CPU
		{D9BA3D42-CF15-4D8E-8D34-6EDAA1BB1781}.Release|x64.Build.0 = Release|Any CPU
		{D9BA3D42-CF15-4D8E-8D34-6EDAA1BB1781}.Release|x64.Deploy.0 = Release|Any CPU
		{D9BA3D42-CF15-4D8E-8D34-6EDAA1BB1781}.Release|x86.ActiveCfg = Release|Any CPU
		{D9BA3D42-CF15-4D8E-8D34-6EDAA1BB1781}.Release|x86.Build.0 = Release|Any CPU
		{D9BA3D42-CF15-4D8E-8D34-6EDAA1BB1781}.Release|x86.Deploy.0 = Release|Any CPU
		{0FC309F6-9E82-4A10-9AE1-361A49E38070}.Ad-Hoc|Any CPU.ActiveCfg = Ad-Hoc|iPhone
		{0FC309F6-9E82-4A10-9AE1-361A49E38070}.Ad-Hoc|ARM.ActiveCfg = Ad-Hoc|iPhone
		{0FC309F6-9E82-4A10-9AE1-361A49E38070}.Ad-Hoc|iPhone.ActiveCfg = Ad-Hoc|iPhone
		{0FC309F6-9E82-4A10-9AE1-361A49E38070}.Ad-Hoc|iPhone.Build.0 = Ad-Hoc|iPhone
		{0FC309F6-9E82-4A10-9AE1-361A49E38070}.Ad-Hoc|iPhoneSimulator.ActiveCfg = Ad-Hoc|iPhoneSimulator
		{0FC309F6-9E82-4A10-9AE1-361A49E38070}.Ad-Hoc|iPhoneSimulator.Build.0 = Ad-Hoc|iPhoneSimulator
		{0FC309F6-9E82-4A10-9AE1-361A49E38070}.Ad-Hoc|x64.ActiveCfg = Ad-Hoc|iPhone
		{0FC309F6-9E82-4A10-9AE1-361A49E38070}.Ad-Hoc|x86.ActiveCfg = Ad-Hoc|iPhone
		{0FC309F6-9E82-4A10-9AE1-361A49E38070}.AppStore|Any CPU.ActiveCfg = AppStore|iPhone
		{0FC309F6-9E82-4A10-9AE1-361A49E38070}.AppStore|ARM.ActiveCfg = AppStore|iPhone
		{0FC309F6-9E82-4A10-9AE1-361A49E38070}.AppStore|iPhone.ActiveCfg = AppStore|iPhone
		{0FC309F6-9E82-4A10-9AE1-361A49E38070}.AppStore|iPhone.Build.0 = AppStore|iPhone
		{0FC309F6-9E82-4A10-9AE1-361A49E38070}.AppStore|iPhoneSimulator.ActiveCfg = AppStore|iPhoneSimulator
		{0FC309F6-9E82-4A10-9AE1-361A49E38070}.AppStore|iPhoneSimulator.Build.0 = AppStore|iPhoneSimulator
		{0FC309F6-9E82-4A10-9AE1-361A49E38070}.AppStore|x64.ActiveCfg = AppStore|iPhone
		{0FC309F6-9E82-4A10-9AE1-361A49E38070}.AppStore|x86.ActiveCfg = AppStore|iPhone
		{0FC309F6-9E82-4A10-9AE1-361A49E38070}.Debug|Any CPU.ActiveCfg = Debug|iPhone
		{0FC309F6-9E82-4A10-9AE1-361A49E38070}.Debug|ARM.ActiveCfg = Debug|iPhone
		{0FC309F6-9E82-4A10-9AE1-361A49E38070}.Debug|iPhone.ActiveCfg = Debug|iPhone
		{0FC309F6-9E82-4A10-9AE1-361A49E38070}.Debug|iPhone.Build.0 = Debug|iPhone
		{0FC309F6-9E82-4A10-9AE1-361A49E38070}.Debug|iPhoneSimulator.ActiveCfg = Debug|iPhoneSimulator
		{0FC309F6-9E82-4A10-9AE1-361A49E38070}.Debug|iPhoneSimulator.Build.0 = Debug|iPhoneSimulator
		{0FC309F6-9E82-4A10-9AE1-361A49E38070}.Debug|x64.ActiveCfg = Debug|iPhone
		{0FC309F6-9E82-4A10-9AE1-361A49E38070}.Debug|x86.ActiveCfg = Debug|iPhone
		{0FC309F6-9E82-4A10-9AE1-361A49E38070}.Release|Any CPU.ActiveCfg = Release|iPhone
		{0FC309F6-9E82-4A10-9AE1-361A49E38070}.Release|ARM.ActiveCfg = Release|iPhone
		{0FC309F6-9E82-4A10-9AE1-361A49E38070}.Release|iPhone.ActiveCfg = Release|iPhone
		{0FC309F6-9E82-4A10-9AE1-361A49E38070}.Release|iPhone.Build.0 = Release|iPhone
		{0FC309F6-9E82-4A10-9AE1-361A49E38070}.Release|iPhoneSimulator.ActiveCfg = Release|iPhoneSimulator
		{0FC309F6-9E82-4A10-9AE1-361A49E38070}.Release|iPhoneSimulator.Build.0 = Release|iPhoneSimulator
		{0FC309F6-9E82-4A10-9AE1-361A49E38070}.Release|x64.ActiveCfg = Release|iPhone
		{0FC309F6-9E82-4A10-9AE1-361A49E38070}.Release|x86.ActiveCfg = Release|iPhone
		{463626CE-2C06-4551-A5A1-242E83E4F1DB}.Ad-Hoc|Any CPU.ActiveCfg = Release|Any CPU
		{463626CE-2C06-4551-A5A1-242E83E4F1DB}.Ad-Hoc|Any CPU.Build.0 = Release|Any CPU
		{463626CE-2C06-4551-A5A1-242E83E4F1DB}.Ad-Hoc|Any CPU.Deploy.0 = Release|Any CPU
		{463626CE-2C06-4551-A5A1-242E83E4F1DB}.Ad-Hoc|ARM.ActiveCfg = Release|ARM
		{463626CE-2C06-4551-A5A1-242E83E4F1DB}.Ad-Hoc|ARM.Build.0 = Release|ARM
		{463626CE-2C06-4551-A5A1-242E83E4F1DB}.Ad-Hoc|ARM.Deploy.0 = Release|ARM
		{463626CE-2C06-4551-A5A1-242E83E4F1DB}.Ad-Hoc|iPhone.ActiveCfg = Release|Any CPU
		{463626CE-2C06-4551-A5A1-242E83E4F1DB}.Ad-Hoc|iPhone.Build.0 = Release|Any CPU
		{463626CE-2C06-4551-A5A1-242E83E4F1DB}.Ad-Hoc|iPhone.Deploy.0 = Release|Any CPU
		{463626CE-2C06-4551-A5A1-242E83E4F1DB}.Ad-Hoc|iPhoneSimulator.ActiveCfg = Release|Any CPU
		{463626CE-2C06-4551-A5A1-242E83E4F1DB}.Ad-Hoc|iPhoneSimulator.Build.0 = Release|Any CPU
		{463626CE-2C06-4551-A5A1-242E83E4F1DB}.Ad-Hoc|iPhoneSimulator.Deploy.0 = Release|Any CPU
		{463626CE-2C06-4551-A5A1-242E83E4F1DB}.Ad-Hoc|x64.ActiveCfg = Release|Any CPU
		{463626CE-2C06-4551-A5A1-242E83E4F1DB}.Ad-Hoc|x64.Build.0 = Release|Any CPU
		{463626CE-2C06-4551-A5A1-242E83E4F1DB}.Ad-Hoc|x64.Deploy.0 = Release|Any CPU
		{463626CE-2C06-4551-A5A1-242E83E4F1DB}.Ad-Hoc|x86.ActiveCfg = Release|x86
		{463626CE-2C06-4551-A5A1-242E83E4F1DB}.Ad-Hoc|x86.Build.0 = Release|x86
		{463626CE-2C06-4551-A5A1-242E83E4F1DB}.Ad-Hoc|x86.Deploy.0 = Release|x86
		{463626CE-2C06-4551-A5A1-242E83E4F1DB}.AppStore|Any CPU.ActiveCfg = Release|Any CPU
		{463626CE-2C06-4551-A5A1-242E83E4F1DB}.AppStore|Any CPU.Build.0 = Release|Any CPU
		{463626CE-2C06-4551-A5A1-242E83E4F1DB}.AppStore|Any CPU.Deploy.0 = Release|Any CPU
		{463626CE-2C06-4551-A5A1-242E83E4F1DB}.AppStore|ARM.ActiveCfg = Release|ARM
		{463626CE-2C06-4551-A5A1-242E83E4F1DB}.AppStore|ARM.Build.0 = Release|ARM
		{463626CE-2C06-4551-A5A1-242E83E4F1DB}.AppStore|ARM.Deploy.0 = Release|ARM
		{463626CE-2C06-4551-A5A1-242E83E4F1DB}.AppStore|iPhone.ActiveCfg = Release|Any CPU
		{463626CE-2C06-4551-A5A1-242E83E4F1DB}.AppStore|iPhone.Build.0 = Release|Any CPU
		{463626CE-2C06-4551-A5A1-242E83E4F1DB}.AppStore|iPhone.Deploy.0 = Release|Any CPU
		{463626CE-2C06-4551-A5A1-242E83E4F1DB}.AppStore|iPhoneSimulator.ActiveCfg = Release|Any CPU
		{463626CE-2C06-4551-A5A1-242E83E4F1DB}.AppStore|iPhoneSimulator.Build.0 = Release|Any CPU
		{463626CE-2C06-4551-A5A1-242E83E4F1DB}.AppStore|iPhoneSimulator.Deploy.0 = Release|Any CPU
		{463626CE-2C06-4551-A5A1-242E83E4F1DB}.AppStore|x64.ActiveCfg = Release|Any CPU
		{463626CE-2C06-4551-A5A1-242E83E4F1DB}.AppStore|x64.Build.0 = Release|Any CPU
		{463626CE-2C06-4551-A5A1-242E83E4F1DB}.AppStore|x64.Deploy.0 = Release|Any CPU
		{463626CE-2C06-4551-A5A1-242E83E4F1DB}.AppStore|x86.ActiveCfg = Release|x86
		{463626CE-2C06-4551-A5A1-242E83E4F1DB}.AppStore|x86.Build.0 = Release|x86
		{463626CE-2C06-4551-A5A1-242E83E4F1DB}.AppStore|x86.Deploy.0 = Release|x86
		{463626CE-2C06-4551-A5A1-242E83E4F1DB}.Debug|Any CPU.ActiveCfg = Debug|Any CPU
		{463626CE-2C06-4551-A5A1-242E83E4F1DB}.Debug|Any CPU.Build.0 = Debug|Any CPU
		{463626CE-2C06-4551-A5A1-242E83E4F1DB}.Debug|Any CPU.Deploy.0 = Debug|Any CPU
		{463626CE-2C06-4551-A5A1-242E83E4F1DB}.Debug|ARM.ActiveCfg = Debug|ARM
		{463626CE-2C06-4551-A5A1-242E83E4F1DB}.Debug|ARM.Build.0 = Debug|ARM
		{463626CE-2C06-4551-A5A1-242E83E4F1DB}.Debug|ARM.Deploy.0 = Debug|ARM
		{463626CE-2C06-4551-A5A1-242E83E4F1DB}.Debug|iPhone.ActiveCfg = Debug|Any CPU
		{463626CE-2C06-4551-A5A1-242E83E4F1DB}.Debug|iPhone.Build.0 = Debug|Any CPU
		{463626CE-2C06-4551-A5A1-242E83E4F1DB}.Debug|iPhone.Deploy.0 = Debug|Any CPU
		{463626CE-2C06-4551-A5A1-242E83E4F1DB}.Debug|iPhoneSimulator.ActiveCfg = Debug|Any CPU
		{463626CE-2C06-4551-A5A1-242E83E4F1DB}.Debug|iPhoneSimulator.Build.0 = Debug|Any CPU
		{463626CE-2C06-4551-A5A1-242E83E4F1DB}.Debug|iPhoneSimulator.Deploy.0 = Debug|Any CPU
		{463626CE-2C06-4551-A5A1-242E83E4F1DB}.Debug|x64.ActiveCfg = Debug|Any CPU
		{463626CE-2C06-4551-A5A1-242E83E4F1DB}.Debug|x64.Build.0 = Debug|Any CPU
		{463626CE-2C06-4551-A5A1-242E83E4F1DB}.Debug|x64.Deploy.0 = Debug|Any CPU
		{463626CE-2C06-4551-A5A1-242E83E4F1DB}.Debug|x86.ActiveCfg = Debug|x86
		{463626CE-2C06-4551-A5A1-242E83E4F1DB}.Debug|x86.Build.0 = Debug|x86
		{463626CE-2C06-4551-A5A1-242E83E4F1DB}.Debug|x86.Deploy.0 = Debug|x86
		{463626CE-2C06-4551-A5A1-242E83E4F1DB}.Release|Any CPU.ActiveCfg = Release|Any CPU
		{463626CE-2C06-4551-A5A1-242E83E4F1DB}.Release|Any CPU.Build.0 = Release|Any CPU
		{463626CE-2C06-4551-A5A1-242E83E4F1DB}.Release|Any CPU.Deploy.0 = Release|Any CPU
		{463626CE-2C06-4551-A5A1-242E83E4F1DB}.Release|ARM.ActiveCfg = Release|ARM
		{463626CE-2C06-4551-A5A1-242E83E4F1DB}.Release|ARM.Build.0 = Release|ARM
		{463626CE-2C06-4551-A5A1-242E83E4F1DB}.Release|ARM.Deploy.0 = Release|ARM
		{463626CE-2C06-4551-A5A1-242E83E4F1DB}.Release|iPhone.ActiveCfg = Release|Any CPU
		{463626CE-2C06-4551-A5A1-242E83E4F1DB}.Release|iPhone.Build.0 = Release|Any CPU
		{463626CE-2C06-4551-A5A1-242E83E4F1DB}.Release|iPhone.Deploy.0 = Release|Any CPU
		{463626CE-2C06-4551-A5A1-242E83E4F1DB}.Release|iPhoneSimulator.ActiveCfg = Release|Any CPU
		{463626CE-2C06-4551-A5A1-242E83E4F1DB}.Release|iPhoneSimulator.Build.0 = Release|Any CPU
		{463626CE-2C06-4551-A5A1-242E83E4F1DB}.Release|iPhoneSimulator.Deploy.0 = Release|Any CPU
		{463626CE-2C06-4551-A5A1-242E83E4F1DB}.Release|x64.ActiveCfg = Release|Any CPU
		{463626CE-2C06-4551-A5A1-242E83E4F1DB}.Release|x64.Build.0 = Release|Any CPU
		{463626CE-2C06-4551-A5A1-242E83E4F1DB}.Release|x64.Deploy.0 = Release|Any CPU
		{463626CE-2C06-4551-A5A1-242E83E4F1DB}.Release|x86.ActiveCfg = Release|x86
		{463626CE-2C06-4551-A5A1-242E83E4F1DB}.Release|x86.Build.0 = Release|x86
		{463626CE-2C06-4551-A5A1-242E83E4F1DB}.Release|x86.Deploy.0 = Release|x86
		{D50EC14E-C9D7-482F-9B09-9C52AB3BC924}.Ad-Hoc|Any CPU.ActiveCfg = Release|Any CPU
		{D50EC14E-C9D7-482F-9B09-9C52AB3BC924}.Ad-Hoc|Any CPU.Build.0 = Release|Any CPU
		{D50EC14E-C9D7-482F-9B09-9C52AB3BC924}.Ad-Hoc|Any CPU.Deploy.0 = Release|Any CPU
		{D50EC14E-C9D7-482F-9B09-9C52AB3BC924}.Ad-Hoc|ARM.ActiveCfg = Release|ARM
		{D50EC14E-C9D7-482F-9B09-9C52AB3BC924}.Ad-Hoc|ARM.Build.0 = Release|ARM
		{D50EC14E-C9D7-482F-9B09-9C52AB3BC924}.Ad-Hoc|ARM.Deploy.0 = Release|ARM
		{D50EC14E-C9D7-482F-9B09-9C52AB3BC924}.Ad-Hoc|iPhone.ActiveCfg = Release|Any CPU
		{D50EC14E-C9D7-482F-9B09-9C52AB3BC924}.Ad-Hoc|iPhone.Build.0 = Release|Any CPU
		{D50EC14E-C9D7-482F-9B09-9C52AB3BC924}.Ad-Hoc|iPhone.Deploy.0 = Release|Any CPU
		{D50EC14E-C9D7-482F-9B09-9C52AB3BC924}.Ad-Hoc|iPhoneSimulator.ActiveCfg = Release|Any CPU
		{D50EC14E-C9D7-482F-9B09-9C52AB3BC924}.Ad-Hoc|iPhoneSimulator.Build.0 = Release|Any CPU
		{D50EC14E-C9D7-482F-9B09-9C52AB3BC924}.Ad-Hoc|iPhoneSimulator.Deploy.0 = Release|Any CPU
		{D50EC14E-C9D7-482F-9B09-9C52AB3BC924}.Ad-Hoc|x64.ActiveCfg = Release|x64
		{D50EC14E-C9D7-482F-9B09-9C52AB3BC924}.Ad-Hoc|x64.Build.0 = Release|x64
		{D50EC14E-C9D7-482F-9B09-9C52AB3BC924}.Ad-Hoc|x64.Deploy.0 = Release|x64
		{D50EC14E-C9D7-482F-9B09-9C52AB3BC924}.Ad-Hoc|x86.ActiveCfg = Release|x86
		{D50EC14E-C9D7-482F-9B09-9C52AB3BC924}.Ad-Hoc|x86.Build.0 = Release|x86
		{D50EC14E-C9D7-482F-9B09-9C52AB3BC924}.Ad-Hoc|x86.Deploy.0 = Release|x86
		{D50EC14E-C9D7-482F-9B09-9C52AB3BC924}.AppStore|Any CPU.ActiveCfg = Release|Any CPU
		{D50EC14E-C9D7-482F-9B09-9C52AB3BC924}.AppStore|Any CPU.Build.0 = Release|Any CPU
		{D50EC14E-C9D7-482F-9B09-9C52AB3BC924}.AppStore|Any CPU.Deploy.0 = Release|Any CPU
		{D50EC14E-C9D7-482F-9B09-9C52AB3BC924}.AppStore|ARM.ActiveCfg = Release|ARM
		{D50EC14E-C9D7-482F-9B09-9C52AB3BC924}.AppStore|ARM.Build.0 = Release|ARM
		{D50EC14E-C9D7-482F-9B09-9C52AB3BC924}.AppStore|ARM.Deploy.0 = Release|ARM
		{D50EC14E-C9D7-482F-9B09-9C52AB3BC924}.AppStore|iPhone.ActiveCfg = Release|Any CPU
		{D50EC14E-C9D7-482F-9B09-9C52AB3BC924}.AppStore|iPhone.Build.0 = Release|Any CPU
		{D50EC14E-C9D7-482F-9B09-9C52AB3BC924}.AppStore|iPhone.Deploy.0 = Release|Any CPU
		{D50EC14E-C9D7-482F-9B09-9C52AB3BC924}.AppStore|iPhoneSimulator.ActiveCfg = Release|Any CPU
		{D50EC14E-C9D7-482F-9B09-9C52AB3BC924}.AppStore|iPhoneSimulator.Build.0 = Release|Any CPU
		{D50EC14E-C9D7-482F-9B09-9C52AB3BC924}.AppStore|iPhoneSimulator.Deploy.0 = Release|Any CPU
		{D50EC14E-C9D7-482F-9B09-9C52AB3BC924}.AppStore|x64.ActiveCfg = Release|x64
		{D50EC14E-C9D7-482F-9B09-9C52AB3BC924}.AppStore|x64.Build.0 = Release|x64
		{D50EC14E-C9D7-482F-9B09-9C52AB3BC924}.AppStore|x64.Deploy.0 = Release|x64
		{D50EC14E-C9D7-482F-9B09-9C52AB3BC924}.AppStore|x86.ActiveCfg = Release|x86
		{D50EC14E-C9D7-482F-9B09-9C52AB3BC924}.AppStore|x86.Build.0 = Release|x86
		{D50EC14E-C9D7-482F-9B09-9C52AB3BC924}.AppStore|x86.Deploy.0 = Release|x86
		{D50EC14E-C9D7-482F-9B09-9C52AB3BC924}.Debug|Any CPU.ActiveCfg = Debug|Any CPU
		{D50EC14E-C9D7-482F-9B09-9C52AB3BC924}.Debug|Any CPU.Build.0 = Debug|Any CPU
		{D50EC14E-C9D7-482F-9B09-9C52AB3BC924}.Debug|Any CPU.Deploy.0 = Debug|Any CPU
		{D50EC14E-C9D7-482F-9B09-9C52AB3BC924}.Debug|ARM.ActiveCfg = Debug|ARM
		{D50EC14E-C9D7-482F-9B09-9C52AB3BC924}.Debug|ARM.Build.0 = Debug|ARM
		{D50EC14E-C9D7-482F-9B09-9C52AB3BC924}.Debug|ARM.Deploy.0 = Debug|ARM
		{D50EC14E-C9D7-482F-9B09-9C52AB3BC924}.Debug|iPhone.ActiveCfg = Debug|Any CPU
		{D50EC14E-C9D7-482F-9B09-9C52AB3BC924}.Debug|iPhone.Build.0 = Debug|Any CPU
		{D50EC14E-C9D7-482F-9B09-9C52AB3BC924}.Debug|iPhone.Deploy.0 = Debug|Any CPU
		{D50EC14E-C9D7-482F-9B09-9C52AB3BC924}.Debug|iPhoneSimulator.ActiveCfg = Debug|Any CPU
		{D50EC14E-C9D7-482F-9B09-9C52AB3BC924}.Debug|iPhoneSimulator.Build.0 = Debug|Any CPU
		{D50EC14E-C9D7-482F-9B09-9C52AB3BC924}.Debug|iPhoneSimulator.Deploy.0 = Debug|Any CPU
		{D50EC14E-C9D7-482F-9B09-9C52AB3BC924}.Debug|x64.ActiveCfg = Debug|x64
		{D50EC14E-C9D7-482F-9B09-9C52AB3BC924}.Debug|x64.Build.0 = Debug|x64
		{D50EC14E-C9D7-482F-9B09-9C52AB3BC924}.Debug|x64.Deploy.0 = Debug|x64
		{D50EC14E-C9D7-482F-9B09-9C52AB3BC924}.Debug|x86.ActiveCfg = Debug|x86
		{D50EC14E-C9D7-482F-9B09-9C52AB3BC924}.Debug|x86.Build.0 = Debug|x86
		{D50EC14E-C9D7-482F-9B09-9C52AB3BC924}.Debug|x86.Deploy.0 = Debug|x86
		{D50EC14E-C9D7-482F-9B09-9C52AB3BC924}.Release|Any CPU.ActiveCfg = Release|Any CPU
		{D50EC14E-C9D7-482F-9B09-9C52AB3BC924}.Release|Any CPU.Build.0 = Release|Any CPU
		{D50EC14E-C9D7-482F-9B09-9C52AB3BC924}.Release|Any CPU.Deploy.0 = Release|Any CPU
		{D50EC14E-C9D7-482F-9B09-9C52AB3BC924}.Release|ARM.ActiveCfg = Release|ARM
		{D50EC14E-C9D7-482F-9B09-9C52AB3BC924}.Release|ARM.Build.0 = Release|ARM
		{D50EC14E-C9D7-482F-9B09-9C52AB3BC924}.Release|ARM.Deploy.0 = Release|ARM
		{D50EC14E-C9D7-482F-9B09-9C52AB3BC924}.Release|iPhone.ActiveCfg = Release|Any CPU
		{D50EC14E-C9D7-482F-9B09-9C52AB3BC924}.Release|iPhone.Build.0 = Release|Any CPU
		{D50EC14E-C9D7-482F-9B09-9C52AB3BC924}.Release|iPhone.Deploy.0 = Release|Any CPU
		{D50EC14E-C9D7-482F-9B09-9C52AB3BC924}.Release|iPhoneSimulator.ActiveCfg = Release|Any CPU
		{D50EC14E-C9D7-482F-9B09-9C52AB3BC924}.Release|iPhoneSimulator.Build.0 = Release|Any CPU
		{D50EC14E-C9D7-482F-9B09-9C52AB3BC924}.Release|iPhoneSimulator.Deploy.0 = Release|Any CPU
		{D50EC14E-C9D7-482F-9B09-9C52AB3BC924}.Release|x64.ActiveCfg = Release|x64
		{D50EC14E-C9D7-482F-9B09-9C52AB3BC924}.Release|x64.Build.0 = Release|x64
		{D50EC14E-C9D7-482F-9B09-9C52AB3BC924}.Release|x64.Deploy.0 = Release|x64
		{D50EC14E-C9D7-482F-9B09-9C52AB3BC924}.Release|x86.ActiveCfg = Release|x86
		{D50EC14E-C9D7-482F-9B09-9C52AB3BC924}.Release|x86.Build.0 = Release|x86
		{D50EC14E-C9D7-482F-9B09-9C52AB3BC924}.Release|x86.Deploy.0 = Release|x86
	EndGlobalSection
	GlobalSection(SolutionProperties) = preSolution
		HideSolutionNode = FALSE
	EndGlobalSection
EndGlobal
